
Microsoft Visual Studio Solution File, Format Version 12.00
# Visual Studio 15
VisualStudioVersion = 15.0.26730.16
MinimumVisualStudioVersion = 10.0.40219.1
Project("{FAE04EC0-301F-11D3-BF4B-00C04F79EFBC}") = "Calculator", "ConsoleApp1\Calculator.csproj", "{03E62691-6BEA-400E-A148-8BFBBC52AB2B}"
EndProject
Project("{FAE04EC0-301F-11D3-BF4B-00C04F79EFBC}") = "AverageNumber", "AverageNumber\AverageNumber.csproj", "{BF432E97-BD63-415E-9933-82119803799F}"
EndProject
Project("{FAE04EC0-301F-11D3-BF4B-00C04F79EFBC}") = "CircleArea", "CircleArea\CircleArea.csproj", "{F6334321-A750-43C3-A102-D1F5A33B84AB}"
EndProject
Global
	GlobalSection(SolutionConfigurationPlatforms) = preSolution
		Debug|Any CPU = Debug|Any CPU
		Release|Any CPU = Release|Any CPU
	EndGlobalSection
	GlobalSection(ProjectConfigurationPlatforms) = postSolution
		{03E62691-6BEA-400E-A148-8BFBBC52AB2B}.Debug|Any CPU.ActiveCfg = Debug|Any CPU
		{03E62691-6BEA-400E-A148-8BFBBC52AB2B}.Debug|Any CPU.Build.0 = Debug|Any CPU
		{03E62691-6BEA-400E-A148-8BFBBC52AB2B}.Release|Any CPU.ActiveCfg = Release|Any CPU
		{03E62691-6BEA-400E-A148-8BFBBC52AB2B}.Release|Any CPU.Build.0 = Release|Any CPU
		{BF432E97-BD63-415E-9933-82119803799F}.Debug|Any CPU.ActiveCfg = Debug|Any CPU
		{BF432E97-BD63-415E-9933-82119803799F}.Debug|Any CPU.Build.0 = Debug|Any CPU
		{BF432E97-BD63-415E-9933-82119803799F}.Release|Any CPU.ActiveCfg = Release|Any CPU
		{BF432E97-BD63-415E-9933-82119803799F}.Release|Any CPU.Build.0 = Release|Any CPU
		{F6334321-A750-43C3-A102-D1F5A33B84AB}.Debug|Any CPU.ActiveCfg = Debug|Any CPU
		{F6334321-A750-43C3-A102-D1F5A33B84AB}.Debug|Any CPU.Build.0 = Debug|Any CPU
		{F6334321-A750-43C3-A102-D1F5A33B84AB}.Release|Any CPU.ActiveCfg = Release|Any CPU
		{F6334321-A750-43C3-A102-D1F5A33B84AB}.Release|Any CPU.Build.0 = Release|Any CPU
	EndGlobalSection
	GlobalSection(SolutionProperties) = preSolution
		HideSolutionNode = FALSE
	EndGlobalSection
	GlobalSection(ExtensibilityGlobals) = postSolution
		SolutionGuid = {64DFF0D7-8426-43EF-B9CA-3A8B9ED26434}
	EndGlobalSection
EndGlobal
